uuid: 305f35d6-c5e8-41b2-b4c2-78b2ff890d2b
langcode: en
status: true
dependencies:
  module:
    - hdbt_content
  theme:
    - helstra
id: helstra_footertopblock
theme: helstra
region: footer_top
weight: -3
provider: null
plugin: footer_top_block
settings:
  id: footer_top_block
  label: 'Footer top block'
  provider: hdbt_content
  label_display: '0'
visibility: {  }
