uuid: fe993c39-5d67-4271-9a1c-a94c67419287
langcode: en
status: false
dependencies:
  config:
    - views.view.content_recent
  module:
    - system
    - views
  theme:
    - helstra
id: recent_block
theme: helstra
region: content
weight: 3
provider: null
plugin: 'views_block:content_recent-recent_block'
settings:
  id: 'views_block:content_recent-recent_block'
  label: ''
  label_display: visible
  provider: views
  views_label: ''
  items_per_page: none
visibility:
  request_path:
    id: request_path
    negate: false
    pages: '<front>'
